
Microsoft Visual Studio Solution File, Format Version 12.00
# Visual Studio Version 16
VisualStudioVersion = 16.0.30413.136
MinimumVisualStudioVersion = 16.0.30413.136
Project("{8BC9CEB8-8B4A-11D0-8D11-00A0C91BC942}") = "NativeUtilApp", "NativeUtilApp\NativeUtilApp.vcxproj", "{5E95B752-C42E-467A-B9D4-8BE6EAEF443B}"
	ProjectSection(ProjectDependencies) = postProject
		{9279DA54-8BBB-473F-A1FA-54B714CF33D8} = {9279DA54-8BBB-473F-A1FA-54B714CF33D8}
		{4255CCE6-2D84-4E64-B041-BB2C90B8A1E7} = {4255CCE6-2D84-4E64-B041-BB2C90B8A1E7}
	EndProjectSection
EndProject
Project("{FAE04EC0-301F-11D3-BF4B-00C04F79EFBC}") = "BuildTool", "..\submodules\IPA-DN-Ultra\src\BuildTool\BuildTool.csproj", "{9279DA54-8BBB-473F-A1FA-54B714CF33D8}"
EndProject
Project("{8BC9CEB8-8B4A-11D0-8D11-00A0C91BC942}") = "Cedar", "..\submodules\IPA-DN-Ultra\src\Cedar\Cedar.vcxproj", "{D11C227F-AE0E-4B8B-8D99-F9EA28FF3BE8}"
	ProjectSection(ProjectDependencies) = postProject
		{F95D574F-0BBD-464D-8211-2D02D85EACD0} = {F95D574F-0BBD-464D-8211-2D02D85EACD0}
		{9279DA54-8BBB-473F-A1FA-54B714CF33D8} = {9279DA54-8BBB-473F-A1FA-54B714CF33D8}
		{3D141CDA-D58C-4DDE-BD31-3205DC3246EF} = {3D141CDA-D58C-4DDE-BD31-3205DC3246EF}
	EndProjectSection
EndProject
Project("{8BC9CEB8-8B4A-11D0-8D11-00A0C91BC942}") = "Mayaqua", "..\submodules\IPA-DN-Ultra\src\Mayaqua\Mayaqua.vcxproj", "{F95D574F-0BBD-464D-8211-2D02D85EACD0}"
	ProjectSection(ProjectDependencies) = postProject
		{9279DA54-8BBB-473F-A1FA-54B714CF33D8} = {9279DA54-8BBB-473F-A1FA-54B714CF33D8}
	EndProjectSection
EndProject
Project("{8BC9CEB8-8B4A-11D0-8D11-00A0C91BC942}") = "PenCore", "..\submodules\IPA-DN-Ultra\src\PenCore\PenCore.vcxproj", "{3D141CDA-D58C-4DDE-BD31-3205DC3246EF}"
	ProjectSection(ProjectDependencies) = postProject
		{9279DA54-8BBB-473F-A1FA-54B714CF33D8} = {9279DA54-8BBB-473F-A1FA-54B714CF33D8}
	EndProjectSection
EndProject
Project("{FAE04EC0-301F-11D3-BF4B-00C04F79EFBC}") = "BuildRelease", "BuildRelease\BuildRelease.csproj", "{4255CCE6-2D84-4E64-B041-BB2C90B8A1E7}"
EndProject
Project("{8BC9CEB8-8B4A-11D0-8D11-00A0C91BC942}") = "ThinClient", "ThinClient\ThinClient.vcxproj", "{63BAE0F6-6177-4C64-89AD-1568D4DFEA6F}"
	ProjectSection(ProjectDependencies) = postProject
		{4255CCE6-2D84-4E64-B041-BB2C90B8A1E7} = {4255CCE6-2D84-4E64-B041-BB2C90B8A1E7}
	EndProjectSection
EndProject
Project("{8BC9CEB8-8B4A-11D0-8D11-00A0C91BC942}") = "ThinSvr", "ThinSvr\ThinSvr.vcxproj", "{457E1B87-0918-4A3D-84D4-27FE85D1560C}"
	ProjectSection(ProjectDependencies) = postProject
		{4255CCE6-2D84-4E64-B041-BB2C90B8A1E7} = {4255CCE6-2D84-4E64-B041-BB2C90B8A1E7}
	EndProjectSection
EndProject
Project("{8BC9CEB8-8B4A-11D0-8D11-00A0C91BC942}") = "ThinSvrNS", "ThinSvrNS\ThinSvrNS.vcxproj", "{30D40418-23D3-4154-9243-DD4E47661456}"
	ProjectSection(ProjectDependencies) = postProject
		{4255CCE6-2D84-4E64-B041-BB2C90B8A1E7} = {4255CCE6-2D84-4E64-B041-BB2C90B8A1E7}
	EndProjectSection
EndProject
Project("{8BC9CEB8-8B4A-11D0-8D11-00A0C91BC942}") = "ThinConfig", "ThinConfig\ThinConfig.vcxproj", "{DBFF7E80-F039-4D26-B993-F8B27AD6E236}"
	ProjectSection(ProjectDependencies) = postProject
		{4255CCE6-2D84-4E64-B041-BB2C90B8A1E7} = {4255CCE6-2D84-4E64-B041-BB2C90B8A1E7}
	EndProjectSection
EndProject
Project("{8BC9CEB8-8B4A-11D0-8D11-00A0C91BC942}") = "ThinSetup", "ThinSetup\ThinSetup.vcxproj", "{5F14D238-34EC-481D-9873-702201483CA7}"
	ProjectSection(ProjectDependencies) = postProject
		{4255CCE6-2D84-4E64-B041-BB2C90B8A1E7} = {4255CCE6-2D84-4E64-B041-BB2C90B8A1E7}
	EndProjectSection
EndProject
Project("{2150E333-8FDC-42A3-9474-1A3956D46DE8}") = "Solution", "Solution", "{6322C80B-A11C-4833-BF01-4963DA9177CE}"
EndProject
Project("{2150E333-8FDC-42A3-9474-1A3956D46DE8}") = "Vars", "Vars", "{349CC1E7-9010-4BD7-80DF-0962E18B5234}"
	ProjectSection(SolutionItems) = preProject
		Vars\Vars.cs = Vars\Vars.cs
		Vars\Vars.h = Vars\Vars.h
		Vars\Vars.props = Vars\Vars.props
		Vars\VarsActivePatch.h = Vars\VarsActivePatch.h
		Vars\VarsCurrentBuildInfo.h = Vars\VarsCurrentBuildInfo.h
		Vars\VersionInfo.rc = Vars\VersionInfo.rc
	EndProjectSection
EndProject
Project("{8BC9CEB8-8B4A-11D0-8D11-00A0C91BC942}") = "ThinGate", "ThinGate\ThinGate.vcxproj", "{6B7687D5-F060-4443-ABCE-56F21ACB4D8F}"
	ProjectSection(ProjectDependencies) = postProject
		{4255CCE6-2D84-4E64-B041-BB2C90B8A1E7} = {4255CCE6-2D84-4E64-B041-BB2C90B8A1E7}
	EndProjectSection
EndProject
Project("{2150E333-8FDC-42A3-9474-1A3956D46DE8}") = "IPA-DN-Ultra", "IPA-DN-Ultra", "{65DE977F-4313-4282-BFE9-A872A5293561}"
	ProjectSection(SolutionItems) = preProject
		..\submodules\IPA-DN-Ultra\src\GlobalConst.h = ..\submodules\IPA-DN-Ultra\src\GlobalConst.h
	EndProjectSection
EndProject
Global
	GlobalSection(SolutionConfigurationPlatforms) = preSolution
		Debug|x64 = Debug|x64
		Debug|x86 = Debug|x86
		Release|x64 = Release|x64
		Release|x86 = Release|x86
	EndGlobalSection
	GlobalSection(ProjectConfigurationPlatforms) = postSolution
		{5E95B752-C42E-467A-B9D4-8BE6EAEF443B}.Debug|x64.ActiveCfg = Debug|x64
		{5E95B752-C42E-467A-B9D4-8BE6EAEF443B}.Debug|x64.Build.0 = Debug|x64
		{5E95B752-C42E-467A-B9D4-8BE6EAEF443B}.Debug|x86.ActiveCfg = Debug|Win32
		{5E95B752-C42E-467A-B9D4-8BE6EAEF443B}.Debug|x86.Build.0 = Debug|Win32
		{5E95B752-C42E-467A-B9D4-8BE6EAEF443B}.Release|x64.ActiveCfg = Release|x64
		{5E95B752-C42E-467A-B9D4-8BE6EAEF443B}.Release|x64.Build.0 = Release|x64
		{5E95B752-C42E-467A-B9D4-8BE6EAEF443B}.Release|x86.ActiveCfg = Release|Win32
		{5E95B752-C42E-467A-B9D4-8BE6EAEF443B}.Release|x86.Build.0 = Release|Win32
		{9279DA54-8BBB-473F-A1FA-54B714CF33D8}.Debug|x64.ActiveCfg = Debug|Any CPU
		{9279DA54-8BBB-473F-A1FA-54B714CF33D8}.Debug|x64.Build.0 = Debug|Any CPU
		{9279DA54-8BBB-473F-A1FA-54B714CF33D8}.Debug|x86.ActiveCfg = Debug|Any CPU
		{9279DA54-8BBB-473F-A1FA-54B714CF33D8}.Debug|x86.Build.0 = Debug|Any CPU
		{9279DA54-8BBB-473F-A1FA-54B714CF33D8}.Release|x64.ActiveCfg = Debug|Any CPU
		{9279DA54-8BBB-473F-A1FA-54B714CF33D8}.Release|x64.Build.0 = Debug|Any CPU
		{9279DA54-8BBB-473F-A1FA-54B714CF33D8}.Release|x86.ActiveCfg = Debug|Any CPU
		{9279DA54-8BBB-473F-A1FA-54B714CF33D8}.Release|x86.Build.0 = Debug|Any CPU
		{D11C227F-AE0E-4B8B-8D99-F9EA28FF3BE8}.Debug|x64.ActiveCfg = Debug|x64
		{D11C227F-AE0E-4B8B-8D99-F9EA28FF3BE8}.Debug|x64.Build.0 = Debug|x64
		{D11C227F-AE0E-4B8B-8D99-F9EA28FF3BE8}.Debug|x86.ActiveCfg = Debug|Win32
		{D11C227F-AE0E-4B8B-8D99-F9EA28FF3BE8}.Debug|x86.Build.0 = Debug|Win32
		{D11C227F-AE0E-4B8B-8D99-F9EA28FF3BE8}.Release|x64.ActiveCfg = Release|x64
		{D11C227F-AE0E-4B8B-8D99-F9EA28FF3BE8}.Release|x64.Build.0 = Release|x64
		{D11C227F-AE0E-4B8B-8D99-F9EA28FF3BE8}.Release|x86.ActiveCfg = Release|Win32
		{D11C227F-AE0E-4B8B-8D99-F9EA28FF3BE8}.Release|x86.Build.0 = Release|Win32
		{F95D574F-0BBD-464D-8211-2D02D85EACD0}.Debug|x64.ActiveCfg = Debug|x64
		{F95D574F-0BBD-464D-8211-2D02D85EACD0}.Debug|x64.Build.0 = Debug|x64
		{F95D574F-0BBD-464D-8211-2D02D85EACD0}.Debug|x86.ActiveCfg = Debug|Win32
		{F95D574F-0BBD-464D-8211-2D02D85EACD0}.Debug|x86.Build.0 = Debug|Win32
		{F95D574F-0BBD-464D-8211-2D02D85EACD0}.Release|x64.ActiveCfg = Release|x64
		{F95D574F-0BBD-464D-8211-2D02D85EACD0}.Release|x64.Build.0 = Release|x64
		{F95D574F-0BBD-464D-8211-2D02D85EACD0}.Release|x86.ActiveCfg = Release|Win32
		{F95D574F-0BBD-464D-8211-2D02D85EACD0}.Release|x86.Build.0 = Release|Win32
		{3D141CDA-D58C-4DDE-BD31-3205DC3246EF}.Debug|x64.ActiveCfg = Release|Win32
		{3D141CDA-D58C-4DDE-BD31-3205DC3246EF}.Debug|x64.Build.0 = Release|Win32
		{3D141CDA-D58C-4DDE-BD31-3205DC3246EF}.Debug|x86.ActiveCfg = Release|Win32
		{3D141CDA-D58C-4DDE-BD31-3205DC3246EF}.Debug|x86.Build.0 = Release|Win32
		{3D141CDA-D58C-4DDE-BD31-3205DC3246EF}.Release|x64.ActiveCfg = Release|Win32
		{3D141CDA-D58C-4DDE-BD31-3205DC3246EF}.Release|x64.Build.0 = Release|Win32
		{3D141CDA-D58C-4DDE-BD31-3205DC3246EF}.Release|x86.ActiveCfg = Release|Win32
		{3D141CDA-D58C-4DDE-BD31-3205DC3246EF}.Release|x86.Build.0 = Release|Win32
		{4255CCE6-2D84-4E64-B041-BB2C90B8A1E7}.Debug|x64.ActiveCfg = Debug|Any CPU
		{4255CCE6-2D84-4E64-B041-BB2C90B8A1E7}.Debug|x64.Build.0 = Debug|Any CPU
		{4255CCE6-2D84-4E64-B041-BB2C90B8A1E7}.Debug|x86.ActiveCfg = Debug|Any CPU
		{4255CCE6-2D84-4E64-B041-BB2C90B8A1E7}.Debug|x86.Build.0 = Debug|Any CPU
		{4255CCE6-2D84-4E64-B041-BB2C90B8A1E7}.Release|x64.ActiveCfg = Debug|Any CPU
		{4255CCE6-2D84-4E64-B041-BB2C90B8A1E7}.Release|x64.Build.0 = Debug|Any CPU
		{4255CCE6-2D84-4E64-B041-BB2C90B8A1E7}.Release|x86.ActiveCfg = Debug|Any CPU
		{4255CCE6-2D84-4E64-B041-BB2C90B8A1E7}.Release|x86.Build.0 = Debug|Any CPU
		{63BAE0F6-6177-4C64-89AD-1568D4DFEA6F}.Debug|x64.ActiveCfg = Debug|x64
		{63BAE0F6-6177-4C64-89AD-1568D4DFEA6F}.Debug|x64.Build.0 = Debug|x64
		{63BAE0F6-6177-4C64-89AD-1568D4DFEA6F}.Debug|x86.ActiveCfg = Debug|Win32
		{63BAE0F6-6177-4C64-89AD-1568D4DFEA6F}.Debug|x86.Build.0 = Debug|Win32
		{63BAE0F6-6177-4C64-89AD-1568D4DFEA6F}.Release|x64.ActiveCfg = Release|x64
		{63BAE0F6-6177-4C64-89AD-1568D4DFEA6F}.Release|x64.Build.0 = Release|x64
		{63BAE0F6-6177-4C64-89AD-1568D4DFEA6F}.Release|x86.ActiveCfg = Release|Win32
		{63BAE0F6-6177-4C64-89AD-1568D4DFEA6F}.Release|x86.Build.0 = Release|Win32
		{457E1B87-0918-4A3D-84D4-27FE85D1560C}.Debug|x64.ActiveCfg = Debug|x64
		{457E1B87-0918-4A3D-84D4-27FE85D1560C}.Debug|x64.Build.0 = Debug|x64
		{457E1B87-0918-4A3D-84D4-27FE85D1560C}.Debug|x86.ActiveCfg = Debug|Win32
		{457E1B87-0918-4A3D-84D4-27FE85D1560C}.Debug|x86.Build.0 = Debug|Win32
		{457E1B87-0918-4A3D-84D4-27FE85D1560C}.Release|x64.ActiveCfg = Release|x64
		{457E1B87-0918-4A3D-84D4-27FE85D1560C}.Release|x64.Build.0 = Release|x64
		{457E1B87-0918-4A3D-84D4-27FE85D1560C}.Release|x86.ActiveCfg = Release|Win32
		{457E1B87-0918-4A3D-84D4-27FE85D1560C}.Release|x86.Build.0 = Release|Win32
		{30D40418-23D3-4154-9243-DD4E47661456}.Debug|x64.ActiveCfg = Debug|x64
		{30D40418-23D3-4154-9243-DD4E47661456}.Debug|x64.Build.0 = Debug|x64
		{30D40418-23D3-4154-9243-DD4E47661456}.Debug|x86.ActiveCfg = Debug|Win32
		{30D40418-23D3-4154-9243-DD4E47661456}.Debug|x86.Build.0 = Debug|Win32
		{30D40418-23D3-4154-9243-DD4E47661456}.Release|x64.ActiveCfg = Release|x64
		{30D40418-23D3-4154-9243-DD4E47661456}.Release|x64.Build.0 = Release|x64
		{30D40418-23D3-4154-9243-DD4E47661456}.Release|x86.ActiveCfg = Release|Win32
		{30D40418-23D3-4154-9243-DD4E47661456}.Release|x86.Build.0 = Release|Win32
		{DBFF7E80-F039-4D26-B993-F8B27AD6E236}.Debug|x64.ActiveCfg = Debug|x64
		{DBFF7E80-F039-4D26-B993-F8B27AD6E236}.Debug|x64.Build.0 = Debug|x64
		{DBFF7E80-F039-4D26-B993-F8B27AD6E236}.Debug|x86.ActiveCfg = Debug|Win32
		{DBFF7E80-F039-4D26-B993-F8B27AD6E236}.Debug|x86.Build.0 = Debug|Win32
		{DBFF7E80-F039-4D26-B993-F8B27AD6E236}.Release|x64.ActiveCfg = Release|x64
		{DBFF7E80-F039-4D26-B993-F8B27AD6E236}.Release|x64.Build.0 = Release|x64
		{DBFF7E80-F039-4D26-B993-F8B27AD6E236}.Release|x86.ActiveCfg = Release|Win32
		{DBFF7E80-F039-4D26-B993-F8B27AD6E236}.Release|x86.Build.0 = Release|Win32
		{5F14D238-34EC-481D-9873-702201483CA7}.Debug|x64.ActiveCfg = Debug|x64
		{5F14D238-34EC-481D-9873-702201483CA7}.Debug|x64.Build.0 = Debug|x64
		{5F14D238-34EC-481D-9873-702201483CA7}.Debug|x86.ActiveCfg = Debug|Win32
		{5F14D238-34EC-481D-9873-702201483CA7}.Debug|x86.Build.0 = Debug|Win32
		{5F14D238-34EC-481D-9873-702201483CA7}.Release|x64.ActiveCfg = Release|x64
		{5F14D238-34EC-481D-9873-702201483CA7}.Release|x64.Build.0 = Release|x64
		{5F14D238-34EC-481D-9873-702201483CA7}.Release|x86.ActiveCfg = Release|Win32
		{5F14D238-34EC-481D-9873-702201483CA7}.Release|x86.Build.0 = Release|Win32
		{6B7687D5-F060-4443-ABCE-56F21ACB4D8F}.Debug|x64.ActiveCfg = Debug|x64
		{6B7687D5-F060-4443-ABCE-56F21ACB4D8F}.Debug|x64.Build.0 = Debug|x64
		{6B7687D5-F060-4443-ABCE-56F21ACB4D8F}.Debug|x86.ActiveCfg = Debug|Win32
		{6B7687D5-F060-4443-ABCE-56F21ACB4D8F}.Debug|x86.Build.0 = Debug|Win32
		{6B7687D5-F060-4443-ABCE-56F21ACB4D8F}.Release|x64.ActiveCfg = Release|x64
		{6B7687D5-F060-4443-ABCE-56F21ACB4D8F}.Release|x64.Build.0 = Release|x64
		{6B7687D5-F060-4443-ABCE-56F21ACB4D8F}.Release|x86.ActiveCfg = Release|Win32
		{6B7687D5-F060-4443-ABCE-56F21ACB4D8F}.Release|x86.Build.0 = Release|Win32
	EndGlobalSection
	GlobalSection(SolutionProperties) = preSolution
		HideSolutionNode = FALSE
	EndGlobalSection
	GlobalSection(NestedProjects) = preSolution
		{349CC1E7-9010-4BD7-80DF-0962E18B5234} = {6322C80B-A11C-4833-BF01-4963DA9177CE}
		{65DE977F-4313-4282-BFE9-A872A5293561} = {6322C80B-A11C-4833-BF01-4963DA9177CE}
	EndGlobalSection
	GlobalSection(ExtensibilityGlobals) = postSolution
		SolutionGuid = {C6A1258E-EB3A-4010-B219-FAA5E2628EAC}
	EndGlobalSection
EndGlobal
